// !$*UTF8*$!
{
	archiveVersion = 1;
	classes = {
	};
	objectVersion = 46;
	objects = {

/* Begin PBXBuildFile section */
		422C905D1E650ACD00FF8C9F /* sq_background_star@3x.png in Resources */ = {isa = PBXBuildFile; fileRef = 422C90591E650ACD00FF8C9F /* sq_background_star@3x.png */; };
		422C905E1E650ACD00FF8C9F /* sq_foreground_star@3x.png in Resources */ = {isa = PBXBuildFile; fileRef = 422C905A1E650ACD00FF8C9F /* sq_foreground_star@3x.png */; };
		422C905F1E650ACD00FF8C9F /* SQStarRatedView.m in Sources */ = {isa = PBXBuildFile; fileRef = 422C905C1E650ACD00FF8C9F /* SQStarRatedView.m */; };
		42FCB5111E610AC2007459CA /* main.m in Sources */ = {isa = PBXBuildFile; fileRef = 42FCB5101E610AC2007459CA /* main.m */; };
		42FCB5141E610AC2007459CA /* AppDelegate.m in Sources */ = {isa = PBXBuildFile; fileRef = 42FCB5131E610AC2007459CA /* AppDelegate.m */; };
		42FCB5171E610AC2007459CA /* ViewController.m in Sources */ = {isa = PBXBuildFile; fileRef = 42FCB5161E610AC2007459CA /* ViewController.m */; };
		42FCB51A1E610AC2007459CA /* Main.storyboard in Resources */ = {isa = PBXBuildFile; fileRef = 42FCB5181E610AC2007459CA /* Main.storyboard */; };
		42FCB51D1E610AC2007459CA /* SQStarRateView.xcdatamodeld in Sources */ = {isa = PBXBuildFile; fileRef = 42FCB51B1E610AC2007459CA /* SQStarRateView.xcdatamodeld */; };
		42FCB51F1E610AC2007459CA /* Assets.xcassets in Resources */ = {isa = PBXBuildFile; fileRef = 42FCB51E1E610AC2007459CA /* Assets.xcassets */; };
		42FCB5221E610AC2007459CA /* LaunchScreen.storyboard in Resources */ = {isa = PBXBuildFile; fileRef = 42FCB5201E610AC2007459CA /* LaunchScreen.storyboard */; };
		892F1C2A067757FA7B1C48A1 /* libPods-SQStarRateView.a in Frameworks */ = {isa = PBXBuildFile; fileRef = D3760291246A342871A59ADE /* libPods-SQStarRateView.a */; };
/* End PBXBuildFile section */

/* Begin PBXFileReference section */
		422C90591E650ACD00FF8C9F /* sq_background_star@3x.png */ = {isa = PBXFileReference; lastKnownFileType = image.png; path = "sq_background_star@3x.png"; sourceTree = "<group>"; };
		422C905A1E650ACD00FF8C9F /* sq_foreground_star@3x.png */ = {isa = PBXFileReference; lastKnownFileType = image.png; path = "sq_foreground_star@3x.png"; sourceTree = "<group>"; };
		422C905B1E650ACD00FF8C9F /* SQStarRatedView.h */ = {isa = PBXFileReference; fileEncoding = 4; lastKnownFileType = sourcecode.c.h; path = SQStarRatedView.h; sourceTree = "<group>"; };
		422C905C1E650ACD00FF8C9F /* SQStarRatedView.m */ = {isa = PBXFileReference; fileEncoding = 4; lastKnownFileType = sourcecode.c.objc; path = SQStarRatedView.m; sourceTree = "<group>"; };
		42FCB50C1E610AC2007459CA /* SQStarRateView.app */ = {isa = PBXFileReference; explicitFileType = wrapper.application; includeInIndex = 0; path = SQStarRateView.app; sourceTree = BUILT_PRODUCTS_DIR; };
		42FCB5101E610AC2007459CA /* main.m */ = {isa = PBXFileReference; lastKnownFileType = sourcecode.c.objc; path = main.m; sourceTree = "<group>"; };
		42FCB5121E610AC2007459CA /* AppDelegate.h */ = {isa = PBXFileReference; lastKnownFileType = sourcecode.c.h; path = AppDelegate.h; sourceTree = "<group>"; };
		42FCB5131E610AC2007459CA /* AppDelegate.m */ = {isa = PBXFileReference; lastKnownFileType = sourcecode.c.objc; path = AppDelegate.m; sourceTree = "<group>"; };
		42FCB5151E610AC2007459CA /* ViewController.h */ = {isa = PBXFileReference; lastKnownFileType = sourcecode.c.h; path = ViewController.h; sourceTree = "<group>"; };
		42FCB5161E610AC2007459CA /* ViewController.m */ = {isa = PBXFileReference; lastKnownFileType = sourcecode.c.objc; path = ViewController.m; sourceTree = "<group>"; };
		42FCB5191E610AC2007459CA /* Base */ = {isa = PBXFileReference; lastKnownFileType = file.storyboard; name = Base; path = Base.lproj/Main.storyboard; sourceTree = "<group>"; };
		42FCB51C1E610AC2007459CA /* SQStarRateView.xcdatamodel */ = {isa = PBXFileReference; lastKnownFileType = wrapper.xcdatamodel; path = SQStarRateView.xcdatamodel; sourceTree = "<group>"; };
		42FCB51E1E610AC2007459CA /* Assets.xcassets */ = {isa = PBXFileReference; lastKnownFileType = folder.assetcatalog; path = Assets.xcassets; sourceTree = "<group>"; };
		42FCB5211E610AC2007459CA /* Base */ = {isa = PBXFileReference; lastKnownFileType = file.storyboard; name = Base; path = Base.lproj/LaunchScreen.storyboard; sourceTree = "<group>"; };
		42FCB5231E610AC2007459CA /* Info.plist */ = {isa = PBXFileReference; lastKnownFileType = text.plist.xml; path = Info.plist; sourceTree = "<group>"; };
		7975E28A7FE4A4B109013A0A /* Pods-SQStarRateView.debug.xcconfig */ = {isa = PBXFileReference; includeInIndex = 1; lastKnownFileType = text.xcconfig; name = "Pods-SQStarRateView.debug.xcconfig"; path = "Pods/Target Support Files/Pods-SQStarRateView/Pods-SQStarRateView.debug.xcconfig"; sourceTree = "<group>"; };
		D3760291246A342871A59ADE /* libPods-SQStarRateView.a */ = {isa = PBXFileReference; explicitFileType = archive.ar; includeInIndex = 0; path = "libPods-SQStarRateView.a"; sourceTree = BUILT_PRODUCTS_DIR; };
		E4898AAE7A138DCD8AEE00B5 /* Pods-SQStarRateView.release.xcconfig */ = {isa = PBXFileReference; includeInIndex = 1; lastKnownFileType = text.xcconfig; name = "Pods-SQStarRateView.release.xcconfig"; path = "Pods/Target Support Files/Pods-SQStarRateView/Pods-SQStarRateView.release.xcconfig"; sourceTree = "<group>"; };
/* End PBXFileReference section */

/* Begin PBXFrameworksBuildPhase section */
		42FCB5091E610AC2007459CA /* Frameworks */ = {
			isa = PBXFrameworksBuildPhase;
			buildActionMask = 2147483647;
			files = (
				892F1C2A067757FA7B1C48A1 /* libPods-SQStarRateView.a in Frameworks */,
			);
			runOnlyForDeploymentPostprocessing = 0;
		};
/* End PBXFrameworksBuildPhase section */

/* Begin PBXGroup section */
		04B475948A2BA73513EA90C3 /* Frameworks */ = {
			isa = PBXGroup;
			children = (
				D3760291246A342871A59ADE /* libPods-SQStarRateView.a */,
			);
			name = Frameworks;
			sourceTree = "<group>";
		};
		422C90571E650ACD00FF8C9F /* SQStarRatedView */ = {
			isa = PBXGroup;
			children = (
				422C90581E650ACD00FF8C9F /* Resources */,
				422C905B1E650ACD00FF8C9F /* SQStarRatedView.h */,
				422C905C1E650ACD00FF8C9F /* SQStarRatedView.m */,
			);
			path = SQStarRatedView;
			sourceTree = "<group>";
		};
		422C90581E650ACD00FF8C9F /* Resources */ = {
			isa = PBXGroup;
			children = (
				422C90591E650ACD00FF8C9F /* sq_background_star@3x.png */,
				422C905A1E650ACD00FF8C9F /* sq_foreground_star@3x.png */,
			);
			path = Resources;
			sourceTree = "<group>";
		};
		42FCB5031E610AC2007459CA = {
			isa = PBXGroup;
			children = (
				422C90571E650ACD00FF8C9F /* SQStarRatedView */,
				42FCB50E1E610AC2007459CA /* SQStarRateView */,
				42FCB50D1E610AC2007459CA /* Products */,
				8D68C393D97F0414F2B6EAC0 /* Pods */,
				04B475948A2BA73513EA90C3 /* Frameworks */,
			);
			sourceTree = "<group>";
		};
		42FCB50D1E610AC2007459CA /* Products */ = {
			isa = PBXGroup;
			children = (
				42FCB50C1E610AC2007459CA /* SQStarRateView.app */,
			);
			name = Products;
			sourceTree = "<group>";
		};
		42FCB50E1E610AC2007459CA /* SQStarRateView */ = {
			isa = PBXGroup;
			children = (
				42FCB5121E610AC2007459CA /* AppDelegate.h */,
				42FCB5131E610AC2007459CA /* AppDelegate.m */,
				42FCB5151E610AC2007459CA /* ViewController.h */,
				42FCB5161E610AC2007459CA /* ViewController.m */,
				42FCB5181E610AC2007459CA /* Main.storyboard */,
				42FCB51E1E610AC2007459CA /* Assets.xcassets */,
				42FCB5201E610AC2007459CA /* LaunchScreen.storyboard */,
				42FCB5231E610AC2007459CA /* Info.plist */,
				42FCB51B1E610AC2007459CA /* SQStarRateView.xcdatamodeld */,
				42FCB50F1E610AC2007459CA /* Supporting Files */,
			);
			path = SQStarRateView;
			sourceTree = "<group>";
		};
		42FCB50F1E610AC2007459CA /* Supporting Files */ = {
			isa = PBXGroup;
			children = (
				42FCB5101E610AC2007459CA /* main.m */,
			);
			name = "Supporting Files";
			sourceTree = "<group>";
		};
		8D68C393D97F0414F2B6EAC0 /* Pods */ = {
			isa = PBXGroup;
			children = (
				7975E28A7FE4A4B109013A0A /* Pods-SQStarRateView.debug.xcconfig */,
				E4898AAE7A138DCD8AEE00B5 /* Pods-SQStarRateView.release.xcconfig */,
			);
			name = Pods;
			sourceTree = "<group>";
		};
/* End PBXGroup section */

/* Begin PBXNativeTarget section */
		42FCB50B1E610AC2007459CA /* SQStarRateView */ = {
			isa = PBXNativeTarget;
			buildConfigurationList = 42FCB5261E610AC2007459CA /* Build configuration list for PBXNativeTarget "SQStarRateView" */;
			buildPhases = (
				AE94E71A40B971D6CFB10142 /* [CP] Check Pods Manifest.lock */,
				42FCB5081E610AC2007459CA /* Sources */,
				42FCB5091E610AC2007459CA /* Frameworks */,
				42FCB50A1E610AC2007459CA /* Resources */,
				DC514BFF808EF2EE90F6244C /* [CP] Embed Pods Frameworks */,
				3F70D9FD68C14DD82ED46CEB /* [CP] Copy Pods Resources */,
			);
			buildRules = (
			);
			dependencies = (
			);
			name = SQStarRateView;
			productName = SQStarRateView;
			productReference = 42FCB50C1E610AC2007459CA /* SQStarRateView.app */;
			productType = "com.apple.product-type.application";
		};
/* End PBXNativeTarget section */

/* Begin PBXProject section */
		42FCB5041E610AC2007459CA /* Project object */ = {
			isa = PBXProject;
			attributes = {
				LastUpgradeCheck = 0720;
				ORGANIZATIONNAME = steven;
				TargetAttributes = {
					42FCB50B1E610AC2007459CA = {
						CreatedOnToolsVersion = 7.2.1;
						DevelopmentTeam = K8WFGPH3DQ;
					};
				};
			};
			buildConfigurationList = 42FCB5071E610AC2007459CA /* Build configuration list for PBXProject "SQStarRateView" */;
			compatibilityVersion = "Xcode 3.2";
			developmentRegion = English;
			hasScannedForEncodings = 0;
			knownRegions = (
				en,
				Base,
			);
			mainGroup = 42FCB5031E610AC2007459CA;
			productRefGroup = 42FCB50D1E610AC2007459CA /* Products */;
			projectDirPath = "";
			projectRoot = "";
			targets = (
				42FCB50B1E610AC2007459CA /* SQStarRateView */,
			);
		};
/* End PBXProject section */

/* Begin PBXResourcesBuildPhase section */
		42FCB50A1E610AC2007459CA /* Resources */ = {
			isa = PBXResourcesBuildPhase;
			buildActionMask = 2147483647;
			files = (
				42FCB5221E610AC2007459CA /* LaunchScreen.storyboard in Resources */,
				42FCB51F1E610AC2007459CA /* Assets.xcassets in Resources */,
				42FCB51A1E610AC2007459CA /* Main.storyboard in Resources */,
				422C905D1E650ACD00FF8C9F /* sq_background_star@3x.png in Resources */,
				422C905E1E650ACD00FF8C9F /* sq_foreground_star@3x.png in Resources */,
			);
			runOnlyForDeploymentPostprocessing = 0;
		};
/* End PBXResourcesBuildPhase section */

/* Begin PBXShellScriptBuildPhase section */
		3F70D9FD68C14DD82ED46CEB /* [CP] Copy Pods Resources */ = {
			isa = PBXShellScriptBuildPhase;
			buildActionMask = 2147483647;
			files = (
			);
			inputPaths = (
			);
			name = "[CP] Copy Pods Resources";
			outputPaths = (
			);
			runOnlyForDeploymentPostprocessing = 0;
			shellPath = /bin/sh;
			shellScript = "\"${SRCROOT}/Pods/Target Support Files/Pods-SQStarRateView/Pods-SQStarRateView-resources.sh\"\n";
			showEnvVarsInLog = 0;
		};
		AE94E71A40B971D6CFB10142 /* [CP] Check Pods Manifest.lock */ = {
			isa = PBXShellScriptBuildPhase;
			buildActionMask = 2147483647;
			files = (
			);
			inputPaths = (
			);
			name = "[CP] Check Pods Manifest.lock";
			outputPaths = (
			);
			runOnlyForDeploymentPostprocessing = 0;
			shellPath = /bin/sh;
			shellScript = "diff \"${PODS_ROOT}/../Podfile.lock\" \"${PODS_ROOT}/Manifest.lock\" > /dev/null\nif [[ $? != 0 ]] ; then\n    cat << EOM\nerror: The sandbox is not in sync with the Podfile.lock. Run 'pod install' or update your CocoaPods installation.\nEOM\n    exit 1\nfi\n";
			showEnvVarsInLog = 0;
		};
		DC514BFF808EF2EE90F6244C /* [CP] Embed Pods Frameworks */ = {
			isa = PBXShellScriptBuildPhase;
			buildActionMask = 2147483647;
			files = (
			);
			inputPaths = (
			);
			name = "[CP] Embed Pods Frameworks";
			outputPaths = (
			);
			runOnlyForDeploymentPostprocessing = 0;
			shellPath = /bin/sh;
			shellScript = "\"${SRCROOT}/Pods/Target Support Files/Pods-SQStarRateView/Pods-SQStarRateView-frameworks.sh\"\n";
			showEnvVarsInLog = 0;
		};
/* End PBXShellScriptBuildPhase section */

/* Begin PBXSourcesBuildPhase section */
		42FCB5081E610AC2007459CA /* Sources */ = {
			isa = PBXSourcesBuildPhase;
			buildActionMask = 2147483647;
			files = (
				42FCB51D1E610AC2007459CA /* SQStarRateView.xcdatamodeld in Sources */,
				42FCB5171E610AC2007459CA /* ViewController.m in Sources */,
				422C905F1E650ACD00FF8C9F /* SQStarRatedView.m in Sources */,
				42FCB5141E610AC2007459CA /* AppDelegate.m in Sources */,
				42FCB5111E610AC2007459CA /* main.m in Sources */,
			);
			runOnlyForDeploymentPostprocessing = 0;
		};
/* End PBXSourcesBuildPhase section */

/* Begin PBXVariantGroup section */
		42FCB5181E610AC2007459CA /* Main.storyboard */ = {
			isa = PBXVariantGroup;
			children = (
				42FCB5191E610AC2007459CA /* Base */,
			);
			name = Main.storyboard;
			sourceTree = "<group>";
		};
		42FCB5201E610AC2007459CA /* LaunchScreen.storyboard */ = {
			isa = PBXVariantGroup;
			children = (
				42FCB5211E610AC2007459CA /* Base */,
			);
			name = LaunchScreen.storyboard;
			sourceTree = "<group>";
		};
/* End PBXVariantGroup section */

/* Begin XCBuildConfiguration section */
		42FCB5241E610AC2007459CA /* Debug */ = {
			isa = XCBuildConfiguration;
			buildSettings = {
				ALWAYS_SEARCH_USER_PATHS = NO;
				CLANG_CXX_LANGUAGE_STANDARD = "gnu++0x";
				CLANG_CXX_LIBRARY = "libc++";
				CLANG_ENABLE_MODULES = YES;
				CLANG_ENABLE_OBJC_ARC = YES;
				CLANG_WARN_BOOL_CONVERSION = YES;
				CLANG_WARN_CONSTANT_CONVERSION = YES;
				CLANG_WARN_DIRECT_OBJC_ISA_USAGE = YES_ERROR;
				CLANG_WARN_EMPTY_BODY = YES;
				CLANG_WARN_ENUM_CONVERSION = YES;
				CLANG_WARN_INT_CONVERSION = YES;
				CLANG_WARN_OBJC_ROOT_CLASS = YES_ERROR;
				CLANG_WARN_UNREACHABLE_CODE = YES;
				CLANG_WARN__DUPLICATE_METHOD_MATCH = YES;
				"CODE_SIGN_IDENTITY[sdk=iphoneos*]" = "iPhone Developer";
				COPY_PHASE_STRIP = NO;
				DEBUG_INFORMATION_FORMAT = dwarf;
				ENABLE_STRICT_OBJC_MSGSEND = YES;
				ENABLE_TESTABILITY = YES;
				GCC_C_LANGUAGE_STANDARD = gnu99;
				GCC_DYNAMIC_NO_PIC = NO;
				GCC_NO_COMMON_BLOCKS = YES;
				GCC_OPTIMIZATION_LEVEL = 0;
				GCC_PREPROCESSOR_DEFINITIONS = (
					"DEBUG=1",
					"$(inherited)",
				);
				GCC_WARN_64_TO_32_BIT_CONVERSION = YES;
				GCC_WARN_ABOUT_RETURN_TYPE = YES_ERROR;
				GCC_WARN_UNDECLARED_SELECTOR = YES;
				GCC_WARN_UNINITIALIZED_AUTOS = YES_AGGRESSIVE;
				GCC_WARN_UNUSED_FUNCTION = YES;
				GCC_WARN_UNUSED_VARIABLE = YES;
				IPHONEOS_DEPLOYMENT_TARGET = 9.2;
				MTL_ENABLE_DEBUG_INFO = YES;
				ONLY_ACTIVE_ARCH = YES;
				SDKROOT = iphoneos;
			};
			name = Debug;
		};
		42FCB5251E610AC2007459CA /* Release */ = {
			isa = XCBuildConfiguration;
			buildSettings = {
				ALWAYS_SEARCH_USER_PATHS = NO;
				CLANG_CXX_LANGUAGE_STANDARD = "gnu++0x";
				CLANG_CXX_LIBRARY = "libc++";
				CLANG_ENABLE_MODULES = YES;
				CLANG_ENABLE_OBJC_ARC = YES;
				CLANG_WARN_BOOL_CONVERSION = YES;
				CLANG_WARN_CONSTANT_CONVERSION = YES;
				CLANG_WARN_DIRECT_OBJC_ISA_USAGE = YES_ERROR;
				CLANG_WARN_EMPTY_BODY = YES;
				CLANG_WARN_ENUM_CONVERSION = YES;
				CLANG_WARN_INT_CONVERSION = YES;
				CLANG_WARN_OBJC_ROOT_CLASS = YES_ERROR;
				CLANG_WARN_UNREACHABLE_CODE = YES;
				CLANG_WARN__DUPLICATE_METHOD_MATCH = YES;
				"CODE_SIGN_IDENTITY[sdk=iphoneos*]" = "iPhone Developer";
				COPY_PHASE_STRIP = NO;
				DEBUG_INFORMATION_FORMAT = "dwarf-with-dsym";
				ENABLE_NS_ASSERTIONS = NO;
				ENABLE_STRICT_OBJC_MSGSEND = YES;
				GCC_C_LANGUAGE_STANDARD = gnu99;
				GCC_NO_COMMON_BLOCKS = YES;
				GCC_WARN_64_TO_32_BIT_CONVERSION = YES;
				GCC_WARN_ABOUT_RETURN_TYPE = YES_ERROR;
				GCC_WARN_UNDECLARED_SELECTOR = YES;
				GCC_WARN_UNINITIALIZED_AUTOS = YES_AGGRESSIVE;
				GCC_WARN_UNUSED_FUNCTION = YES;
				GCC_WARN_UNUSED_VARIABLE = YES;
				IPHONEOS_DEPLOYMENT_TARGET = 9.2;
				MTL_ENABLE_DEBUG_INFO = NO;
				SDKROOT = iphoneos;
				VALIDATE_PRODUCT = YES;
			};
			name = Release;
		};
		42FCB5271E610AC2007459CA /* Debug */ = {
			isa = XCBuildConfiguration;
			baseConfigurationReference = 7975E28A7FE4A4B109013A0A /* Pods-SQStarRateView.debug.xcconfig */;
			buildSettings = {
				ASSETCATALOG_COMPILER_APPICON_NAME = AppIcon;
				INFOPLIST_FILE = SQStarRateView/Info.plist;
				LD_RUNPATH_SEARCH_PATHS = "$(inherited) @executable_path/Frameworks";
				PRODUCT_BUNDLE_IDENTIFIER = com.coofond.SQStarRateView;
				PRODUCT_NAME = "$(TARGET_NAME)";
			};
			name = Debug;
		};
		42FCB5281E610AC2007459CA /* Release */ = {
			isa = XCBuildConfiguration;
			baseConfigurationReference = E4898AAE7A138DCD8AEE00B5 /* Pods-SQStarRateView.release.xcconfig */;
			buildSettings = {
				ASSETCATALOG_COMPILER_APPICON_NAME = AppIcon;
				INFOPLIST_FILE = SQStarRateView/Info.plist;
				LD_RUNPATH_SEARCH_PATHS = "$(inherited) @executable_path/Frameworks";
				PRODUCT_BUNDLE_IDENTIFIER = com.coofond.SQStarRateView;
				PRODUCT_NAME = "$(TARGET_NAME)";
			};
			name = Release;
		};
/* End XCBuildConfiguration section */

/* Begin XCConfigurationList section */
		42FCB5071E610AC2007459CA /* Build configuration list for PBXProject "SQStarRateView" */ = {
			isa = XCConfigurationList;
			buildConfigurations = (
				42FCB5241E610AC2007459CA /* Debug */,
				42FCB5251E610AC2007459CA /* Release */,
			);
			defaultConfigurationIsVisible = 0;
			defaultConfigurationName = Release;
		};
		42FCB5261E610AC2007459CA /* Build configuration list for PBXNativeTarget "SQStarRateView" */ = {
			isa = XCConfigurationList;
			buildConfigurations = (
				42FCB5271E610AC2007459CA /* Debug */,
				42FCB5281E610AC2007459CA /* Release */,
			);
			defaultConfigurationIsVisible = 0;
			defaultConfigurationName = Release;
		};
/* End XCConfigurationList section */

/* Begin XCVersionGroup section */
		42FCB51B1E610AC2007459CA /* SQStarRateView.xcdatamodeld */ = {
			isa = XCVersionGroup;
			children = (
				42FCB51C1E610AC2007459CA /* SQStarRateView.xcdatamodel */,
			);
			currentVersion = 42FCB51C1E610AC2007459CA /* SQStarRateView.xcdatamodel */;
			path = SQStarRateView.xcdatamodeld;
			sourceTree = "<group>";
			versionGroupType = wrapper.xcdatamodel;
		};
/* End XCVersionGroup section */
	};
	rootObject = 42FCB5041E610AC2007459CA /* Project object */;
}
